{
  "version": "5",
  "redirects": {
    "https://esm.sh/@supabase/supabase-js@2": "https://esm.sh/@supabase/supabase-js@2.112.3"
  },
  "remote": {
    "https://esm.sh/@supabase/supabase-js@2.112.3": "f6b9130984301066587e8917dfab3b3d60be47dc966bd3d04c733bc9423c1cf9"
  },
  "workspace": {
    "packageJson": {
      "dependencies": [
        "npm:@eslint/js@^9.39.0",
        "npm:@supabase/supabase-js@^2.49.0",
        "npm:@testing-library/jest-dom@7",
        "npm:@testing-library/react@^16.3.2",
        "npm:@types/node@^26.1.2",
        "npm:@types/react-dom@^19.2.3",
        "npm:@types/react@^19.2.17",
        "npm:@vitejs/plugin-react@^4.3.1",
        "npm:@vitest/ui@^4.1.10",
        "npm:eslint-import-resolver-typescript@^4.4.5",
        "npm:eslint-plugin-import@^2.32.0",
        "npm:eslint-plugin-react-hooks@^7.1.1",
        "npm:eslint@^9.39.5",
        "npm:globals@^17.7.0",
        "npm:jsdom@^29.1.1",
        "npm:react-dom@^18.3.1",
        "npm:react@^18.3.1",
        "npm:typescript-eslint@^8.65.0",
        "npm:typescript@~6.0.2",
        "npm:vite@^5.4.1",
        "npm:vitest@^4.1.10",
        "npm:xlsx@~0.18.5"
      ]
    }
  }
}
